
Microsoft Visual Studio Solution File, Format Version 12.00
# Visual Studio 2013
VisualStudioVersion = 12.0.21005.1
MinimumVisualStudioVersion = 10.0.40219.1
Project("{FAE04EC0-301F-11D3-BF4B-00C04F79EFBC}") = "MATHProcess", "math\MATHProcess.csproj", "{592AF1E4-9E68-498D-9B9A-C663D65B4639}"
EndProject
Project("{FAE04EC0-301F-11D3-BF4B-00C04F79EFBC}") = "TXTProcess", "txt\TXTProcess.csproj", "{A1F0B825-C212-4022-91AD-9F3C714CC6D7}"
EndProject
Project("{FAE04EC0-301F-11D3-BF4B-00C04F79EFBC}") = "BNYProcess", "BNY\BNYProcess.csproj", "{AF62143E-FB4B-4CC4-A1F5-91019D07E973}"
EndProject
Project("{FAE04EC0-301F-11D3-BF4B-00C04F79EFBC}") = "EXCELProcess", "EXCEL\EXCELProcess.csproj", "{C030D414-E052-473F-A761-828A119C9C63}"
EndProject
Project("{2150E333-8FDC-42A3-9474-1A3956D46DE8}") = "Common", "Common", "{E8B9F34B-99EA-4A86-9BED-6F8012FF9411}"
EndProject
Project("{2150E333-8FDC-42A3-9474-1A3956D46DE8}") = "Acceleration", "Acceleration", "{94DDA6C3-5B82-4ED7-8E6E-11D1CB6B32CB}"
EndProject
Project("{2150E333-8FDC-42A3-9474-1A3956D46DE8}") = "Integrated", "Integrated", "{53973961-966A-473C-8F4A-76B37BFE850B}"
EndProject
Project("{FAE04EC0-301F-11D3-BF4B-00C04F79EFBC}") = "IICFix", "IICFix\IICFix.csproj", "{CCDC081E-87D8-4EB9-84B9-731781EC0EBC}"
EndProject
Project("{FAE04EC0-301F-11D3-BF4B-00C04F79EFBC}") = "BasicCommon", "BasicCommon\BasicCommon.csproj", "{A64DBD2C-6D22-45F1-8AAC-4BE6007D3BD8}"
EndProject
Global
	GlobalSection(SolutionConfigurationPlatforms) = preSolution
		Debug|Any CPU = Debug|Any CPU
		Release|Any CPU = Release|Any CPU
	EndGlobalSection
	GlobalSection(ProjectConfigurationPlatforms) = postSolution
		{592AF1E4-9E68-498D-9B9A-C663D65B4639}.Debug|Any CPU.ActiveCfg = Debug|Any CPU
		{592AF1E4-9E68-498D-9B9A-C663D65B4639}.Debug|Any CPU.Build.0 = Debug|Any CPU
		{592AF1E4-9E68-498D-9B9A-C663D65B4639}.Release|Any CPU.ActiveCfg = Release|Any CPU
		{592AF1E4-9E68-498D-9B9A-C663D65B4639}.Release|Any CPU.Build.0 = Release|Any CPU
		{A1F0B825-C212-4022-91AD-9F3C714CC6D7}.Debug|Any CPU.ActiveCfg = Debug|Any CPU
		{A1F0B825-C212-4022-91AD-9F3C714CC6D7}.Debug|Any CPU.Build.0 = Debug|Any CPU
		{A1F0B825-C212-4022-91AD-9F3C714CC6D7}.Release|Any CPU.ActiveCfg = Release|Any CPU
		{A1F0B825-C212-4022-91AD-9F3C714CC6D7}.Release|Any CPU.Build.0 = Release|Any CPU
		{AF62143E-FB4B-4CC4-A1F5-91019D07E973}.Debug|Any CPU.ActiveCfg = Debug|Any CPU
		{AF62143E-FB4B-4CC4-A1F5-91019D07E973}.Debug|Any CPU.Build.0 = Debug|Any CPU
		{AF62143E-FB4B-4CC4-A1F5-91019D07E973}.Release|Any CPU.ActiveCfg = Release|Any CPU
		{AF62143E-FB4B-4CC4-A1F5-91019D07E973}.Release|Any CPU.Build.0 = Release|Any CPU
		{C030D414-E052-473F-A761-828A119C9C63}.Debug|Any CPU.ActiveCfg = Debug|Any CPU
		{C030D414-E052-473F-A761-828A119C9C63}.Debug|Any CPU.Build.0 = Debug|Any CPU
		{C030D414-E052-473F-A761-828A119C9C63}.Release|Any CPU.ActiveCfg = Release|Any CPU
		{C030D414-E052-473F-A761-828A119C9C63}.Release|Any CPU.Build.0 = Release|Any CPU
		{CCDC081E-87D8-4EB9-84B9-731781EC0EBC}.Debug|Any CPU.ActiveCfg = Debug|Any CPU
		{CCDC081E-87D8-4EB9-84B9-731781EC0EBC}.Debug|Any CPU.Build.0 = Debug|Any CPU
		{CCDC081E-87D8-4EB9-84B9-731781EC0EBC}.Release|Any CPU.ActiveCfg = Release|Any CPU
		{CCDC081E-87D8-4EB9-84B9-731781EC0EBC}.Release|Any CPU.Build.0 = Release|Any CPU
		{A64DBD2C-6D22-45F1-8AAC-4BE6007D3BD8}.Debug|Any CPU.ActiveCfg = Debug|Any CPU
		{A64DBD2C-6D22-45F1-8AAC-4BE6007D3BD8}.Debug|Any CPU.Build.0 = Debug|Any CPU
		{A64DBD2C-6D22-45F1-8AAC-4BE6007D3BD8}.Release|Any CPU.ActiveCfg = Release|Any CPU
		{A64DBD2C-6D22-45F1-8AAC-4BE6007D3BD8}.Release|Any CPU.Build.0 = Release|Any CPU
	EndGlobalSection
	GlobalSection(SolutionProperties) = preSolution
		HideSolutionNode = FALSE
	EndGlobalSection
	GlobalSection(NestedProjects) = preSolution
		{A1F0B825-C212-4022-91AD-9F3C714CC6D7} = {E8B9F34B-99EA-4A86-9BED-6F8012FF9411}
		{AF62143E-FB4B-4CC4-A1F5-91019D07E973} = {E8B9F34B-99EA-4A86-9BED-6F8012FF9411}
		{C030D414-E052-473F-A761-828A119C9C63} = {E8B9F34B-99EA-4A86-9BED-6F8012FF9411}
		{592AF1E4-9E68-498D-9B9A-C663D65B4639} = {E8B9F34B-99EA-4A86-9BED-6F8012FF9411}
		{A64DBD2C-6D22-45F1-8AAC-4BE6007D3BD8} = {E8B9F34B-99EA-4A86-9BED-6F8012FF9411}
		{CCDC081E-87D8-4EB9-84B9-731781EC0EBC} = {53973961-966A-473C-8F4A-76B37BFE850B}
	EndGlobalSection
EndGlobal
